
Microsoft Visual Studio Solution File, Format Version 12.00
# Visual Studio Version 17
VisualStudioVersion = 17.4.33205.214
MinimumVisualStudioVersion = 10.0.40219.1
Project("{9A19103F-16F7-4668-BE54-9A1E7A4F7556}") = "ConcertTicketsBooking", "ConcertTicketsBooking\ConcertTicketsBooking.csproj", "{EE526D24-BACB-4810-8E05-9D09C6B37796}"
EndProject
Project("{9A19103F-16F7-4668-BE54-9A1E7A4F7556}") = "Entities", "Entities\Entities.csproj", "{9DE1F391-C0E3-474A-9569-15BA455A57BF}"
EndProject
Project("{9A19103F-16F7-4668-BE54-9A1E7A4F7556}") = "Repositories", "Repositories\Repositories.csproj", "{BECE02EE-0909-45A1-A664-0E3D7711885D}"
EndProject
Project("{9A19103F-16F7-4668-BE54-9A1E7A4F7556}") = "Contracts", "Contracts\Contracts.csproj", "{A879BECC-AF11-4CDB-992A-57F9DD6A9468}"
EndProject
Project("{9A19103F-16F7-4668-BE54-9A1E7A4F7556}") = "ConsertTicketsBooking.Presentation", "ConsertTicketsBooking.Presentation\ConsertTicketsBooking.Presentation.csproj", "{48848FE1-6B55-472E-B6B7-07006CB6764B}"
EndProject
Project("{FAE04EC0-301F-11D3-BF4B-00C04F79EFBC}") = "Services", "Services\Services.csproj", "{8ACE0109-E269-4AC1-8AB4-8A3C30F05408}"
EndProject
Project("{FAE04EC0-301F-11D3-BF4B-00C04F79EFBC}") = "Services.Contracts", "Services.Contracts\Services.Contracts.csproj", "{4641E3E3-7202-4D85-B72D-C81213324917}"
EndProject
Project("{FAE04EC0-301F-11D3-BF4B-00C04F79EFBC}") = "Shared", "Shared\Shared.csproj", "{59A3229A-E5B1-4999-929D-A555FC97B7D9}"
EndProject
Project("{FAE04EC0-301F-11D3-BF4B-00C04F79EFBC}") = "LoggerService", "LoggerService\LoggerService.csproj", "{DA4500B5-7A4E-4AED-84CB-DF97FB4B5B2C}"
EndProject
Global
	GlobalSection(SolutionConfigurationPlatforms) = preSolution
		Debug|Any CPU = Debug|Any CPU
		Release|Any CPU = Release|Any CPU
	EndGlobalSection
	GlobalSection(ProjectConfigurationPlatforms) = postSolution
		{EE526D24-BACB-4810-8E05-9D09C6B37796}.Debug|Any CPU.ActiveCfg = Debug|Any CPU
		{EE526D24-BACB-4810-8E05-9D09C6B37796}.Debug|Any CPU.Build.0 = Debug|Any CPU
		{EE526D24-BACB-4810-8E05-9D09C6B37796}.Release|Any CPU.ActiveCfg = Release|Any CPU
		{EE526D24-BACB-4810-8E05-9D09C6B37796}.Release|Any CPU.Build.0 = Release|Any CPU
		{9DE1F391-C0E3-474A-9569-15BA455A57BF}.Debug|Any CPU.ActiveCfg = Debug|Any CPU
		{9DE1F391-C0E3-474A-9569-15BA455A57BF}.Debug|Any CPU.Build.0 = Debug|Any CPU
		{9DE1F391-C0E3-474A-9569-15BA455A57BF}.Release|Any CPU.ActiveCfg = Release|Any CPU
		{9DE1F391-C0E3-474A-9569-15BA455A57BF}.Release|Any CPU.Build.0 = Release|Any CPU
		{BECE02EE-0909-45A1-A664-0E3D7711885D}.Debug|Any CPU.ActiveCfg = Debug|Any CPU
		{BECE02EE-0909-45A1-A664-0E3D7711885D}.Debug|Any CPU.Build.0 = Debug|Any CPU
		{BECE02EE-0909-45A1-A664-0E3D7711885D}.Release|Any CPU.ActiveCfg = Release|Any CPU
		{BECE02EE-0909-45A1-A664-0E3D7711885D}.Release|Any CPU.Build.0 = Release|Any CPU
		{A879BECC-AF11-4CDB-992A-57F9DD6A9468}.Debug|Any CPU.ActiveCfg = Debug|Any CPU
		{A879BECC-AF11-4CDB-992A-57F9DD6A9468}.Debug|Any CPU.Build.0 = Debug|Any CPU
		{A879BECC-AF11-4CDB-992A-57F9DD6A9468}.Release|Any CPU.ActiveCfg = Release|Any CPU
		{A879BECC-AF11-4CDB-992A-57F9DD6A9468}.Release|Any CPU.Build.0 = Release|Any CPU
		{48848FE1-6B55-472E-B6B7-07006CB6764B}.Debug|Any CPU.ActiveCfg = Debug|Any CPU
		{48848FE1-6B55-472E-B6B7-07006CB6764B}.Debug|Any CPU.Build.0 = Debug|Any CPU
		{48848FE1-6B55-472E-B6B7-07006CB6764B}.Release|Any CPU.ActiveCfg = Release|Any CPU
		{48848FE1-6B55-472E-B6B7-07006CB6764B}.Release|Any CPU.Build.0 = Release|Any CPU
		{8ACE0109-E269-4AC1-8AB4-8A3C30F05408}.Debug|Any CPU.ActiveCfg = Debug|Any CPU
		{8ACE0109-E269-4AC1-8AB4-8A3C30F05408}.Debug|Any CPU.Build.0 = Debug|Any CPU
		{8ACE0109-E269-4AC1-8AB4-8A3C30F05408}.Release|Any CPU.ActiveCfg = Release|Any CPU
		{8ACE0109-E269-4AC1-8AB4-8A3C30F05408}.Release|Any CPU.Build.0 = Release|Any CPU
		{4641E3E3-7202-4D85-B72D-C81213324917}.Debug|Any CPU.ActiveCfg = Debug|Any CPU
		{4641E3E3-7202-4D85-B72D-C81213324917}.Debug|Any CPU.Build.0 = Debug|Any CPU
		{4641E3E3-7202-4D85-B72D-C81213324917}.Release|Any CPU.ActiveCfg = Release|Any CPU
		{4641E3E3-7202-4D85-B72D-C81213324917}.Release|Any CPU.Build.0 = Release|Any CPU
		{59A3229A-E5B1-4999-929D-A555FC97B7D9}.Debug|Any CPU.ActiveCfg = Debug|Any CPU
		{59A3229A-E5B1-4999-929D-A555FC97B7D9}.Debug|Any CPU.Build.0 = Debug|Any CPU
		{59A3229A-E5B1-4999-929D-A555FC97B7D9}.Release|Any CPU.ActiveCfg = Release|Any CPU
		{59A3229A-E5B1-4999-929D-A555FC97B7D9}.Release|Any CPU.Build.0 = Release|Any CPU
		{DA4500B5-7A4E-4AED-84CB-DF97FB4B5B2C}.Debug|Any CPU.ActiveCfg = Debug|Any CPU
		{DA4500B5-7A4E-4AED-84CB-DF97FB4B5B2C}.Debug|Any CPU.Build.0 = Debug|Any CPU
		{DA4500B5-7A4E-4AED-84CB-DF97FB4B5B2C}.Release|Any CPU.ActiveCfg = Release|Any CPU
		{DA4500B5-7A4E-4AED-84CB-DF97FB4B5B2C}.Release|Any CPU.Build.0 = Release|Any CPU
	EndGlobalSection
	GlobalSection(SolutionProperties) = preSolution
		HideSolutionNode = FALSE
	EndGlobalSection
	GlobalSection(ExtensibilityGlobals) = postSolution
		SolutionGuid = {75734367-CF20-4970-BC09-478D9DEFBF72}
	EndGlobalSection
EndGlobal
